
Microsoft Visual Studio Solution File, Format Version 12.00
# Visual Studio Version 17
VisualStudioVersion = 17.6.33815.320
MinimumVisualStudioVersion = 10.0.40219.1
Project("{9A19103F-16F7-4668-BE54-9A1E7A4F7556}") = "TransactionFlow", "Source\TransactionFlow\TransactionFlow.csproj", "{FF346901-D3A3-43E7-92B3-E88ADACC4E14}"
EndProject
Project("{FAE04EC0-301F-11D3-BF4B-00C04F79EFBC}") = "TransactionFlowTests", "Test\TransactionFlowTests\TransactionFlowTests.csproj", "{37A3F644-185F-4DDF-BF49-90318972E687}"
EndProject
Global
	GlobalSection(SolutionConfigurationPlatforms) = preSolution
		Debug|Any CPU = Debug|Any CPU
		Release|Any CPU = Release|Any CPU
	EndGlobalSection
	GlobalSection(ProjectConfigurationPlatforms) = postSolution
		{FF346901-D3A3-43E7-92B3-E88ADACC4E14}.Debug|Any CPU.ActiveCfg = Debug|Any CPU
		{FF346901-D3A3-43E7-92B3-E88ADACC4E14}.Debug|Any CPU.Build.0 = Debug|Any CPU
		{FF346901-D3A3-43E7-92B3-E88ADACC4E14}.Release|Any CPU.ActiveCfg = Release|Any CPU
		{FF346901-D3A3-43E7-92B3-E88ADACC4E14}.Release|Any CPU.Build.0 = Release|Any CPU
		{37A3F644-185F-4DDF-BF49-90318972E687}.Debug|Any CPU.ActiveCfg = Debug|Any CPU
		{37A3F644-185F-4DDF-BF49-90318972E687}.Debug|Any CPU.Build.0 = Debug|Any CPU
		{37A3F644-185F-4DDF-BF49-90318972E687}.Release|Any CPU.ActiveCfg = Release|Any CPU
		{37A3F644-185F-4DDF-BF49-90318972E687}.Release|Any CPU.Build.0 = Release|Any CPU
	EndGlobalSection
	GlobalSection(SolutionProperties) = preSolution
		HideSolutionNode = FALSE
	EndGlobalSection
	GlobalSection(ExtensibilityGlobals) = postSolution
		SolutionGuid = {E1526212-43B2-499E-8852-058D0A1BB4F9}
	EndGlobalSection
EndGlobal
